// !$*UTF8*$!
{
	archiveVersion = 1;
	classes = {
	};
	objectVersion = 55;
	objects = {

/* Begin PBXBuildFile section */
		726C0197287074A3009589C3 /* Photo_Editing_App.swift in Sources */ = {isa = PBXBuildFile; fileRef = 726C0196287074A3009589C3 /* Photo_Editing_App.swift */; };
		726C0199287074A3009589C3 /* ContentView.swift in Sources */ = {isa = PBXBuildFile; fileRef = 726C0198287074A3009589C3 /* ContentView.swift */; };
		726C019B287074A5009589C3 /* Assets.xcassets in Resources */ = {isa = PBXBuildFile; fileRef = 726C019A287074A5009589C3 /* Assets.xcassets */; };
		726C019E287074A5009589C3 /* Preview Assets.xcassets in Resources */ = {isa = PBXBuildFile; fileRef = 726C019D287074A5009589C3 /* Preview Assets.xcassets */; };
		726C01A0287074A5009589C3 /* Persistence.swift in Sources */ = {isa = PBXBuildFile; fileRef = 726C019F287074A5009589C3 /* Persistence.swift */; };
		726C01A3287074A5009589C3 /* Photo_Editing_App.xcdatamodeld in Sources */ = {isa = PBXBuildFile; fileRef = 726C01A1287074A5009589C3 /* Photo_Editing_App.xcdatamodeld */; };
		72C1057228730CB800C79F64 /* ImagePicker.swift in Sources */ = {isa = PBXBuildFile; fileRef = 72C1057128730CB800C79F64 /* ImagePicker.swift */; };
		72C1057428730CEF00C79F64 /* FileManager+Extensions.swift in Sources */ = {isa = PBXBuildFile; fileRef = 72C1057328730CEF00C79F64 /* FileManager+Extensions.swift */; };
		72C1057628730DC900C79F64 /* ImagePickerViewModel.swift in Sources */ = {isa = PBXBuildFile; fileRef = 72C1057528730DC900C79F64 /* ImagePickerViewModel.swift */; };
		72C105782873105700C79F64 /* Picker.swift in Sources */ = {isa = PBXBuildFile; fileRef = 72C105772873105700C79F64 /* Picker.swift */; };
		72C1057A28735F0500C79F64 /* ContentView+Extensions.swift in Sources */ = {isa = PBXBuildFile; fileRef = 72C1057928735F0500C79F64 /* ContentView+Extensions.swift */; };
		72C1057C287360AE00C79F64 /* ImagePickerCordinator.swift in Sources */ = {isa = PBXBuildFile; fileRef = 72C1057B287360AE00C79F64 /* ImagePickerCordinator.swift */; };
		72C1057E2873614700C79F64 /* PhotoCaptureView.swift in Sources */ = {isa = PBXBuildFile; fileRef = 72C1057D2873614700C79F64 /* PhotoCaptureView.swift */; };
		72C1058C287440C500C79F64 /* CameraView.swift in Sources */ = {isa = PBXBuildFile; fileRef = 72C1058B287440C500C79F64 /* CameraView.swift */; };
		72C1058E2874419E00C79F64 /* CameraModel.swift in Sources */ = {isa = PBXBuildFile; fileRef = 72C1058D2874419E00C79F64 /* CameraModel.swift */; };
		72C105922874543500C79F64 /* CameraPreview.swift in Sources */ = {isa = PBXBuildFile; fileRef = 72C105912874543500C79F64 /* CameraPreview.swift */; };
		72FFE1262876F75100C0AE35 /* DrawingScreen.swift in Sources */ = {isa = PBXBuildFile; fileRef = 72FFE1252876F75100C0AE35 /* DrawingScreen.swift */; };
		72FFE1282876F7F100C0AE35 /* DrawingViewModel.swift in Sources */ = {isa = PBXBuildFile; fileRef = 72FFE1272876F7F100C0AE35 /* DrawingViewModel.swift */; };
		72FFE12A2876FB4900C0AE35 /* CanvasView.swift in Sources */ = {isa = PBXBuildFile; fileRef = 72FFE1292876FB4900C0AE35 /* CanvasView.swift */; };
/* End PBXBuildFile section */

/* Begin PBXFileReference section */
		726C0193287074A3009589C3 /* Photo Editing App.app */ = {isa = PBXFileReference; explicitFileType = wrapper.application; includeInIndex = 0; path = "Photo Editing App.app"; sourceTree = BUILT_PRODUCTS_DIR; };
		726C0196287074A3009589C3 /* Photo_Editing_App.swift */ = {isa = PBXFileReference; lastKnownFileType = sourcecode.swift; path = Photo_Editing_App.swift; sourceTree = "<group>"; };
		726C0198287074A3009589C3 /* ContentView.swift */ = {isa = PBXFileReference; lastKnownFileType = sourcecode.swift; path = ContentView.swift; sourceTree = "<group>"; };
		726C019A287074A5009589C3 /* Assets.xcassets */ = {isa = PBXFileReference; lastKnownFileType = folder.assetcatalog; path = Assets.xcassets; sourceTree = "<group>"; };
		726C019D287074A5009589C3 /* Preview Assets.xcassets */ = {isa = PBXFileReference; lastKnownFileType = folder.assetcatalog; path = "Preview Assets.xcassets"; sourceTree = "<group>"; };
		726C019F287074A5009589C3 /* Persistence.swift */ = {isa = PBXFileReference; lastKnownFileType = sourcecode.swift; path = Persistence.swift; sourceTree = "<group>"; };
		726C01A2287074A5009589C3 /* Photo_Editing_App.xcdatamodel */ = {isa = PBXFileReference; lastKnownFileType = wrapper.xcdatamodel; path = Photo_Editing_App.xcdatamodel; sourceTree = "<group>"; };
		72C1057128730CB800C79F64 /* ImagePicker.swift */ = {isa = PBXFileReference; lastKnownFileType = sourcecode.swift; path = ImagePicker.swift; sourceTree = "<group>"; };
		72C1057328730CEF00C79F64 /* FileManager+Extensions.swift */ = {isa = PBXFileReference; lastKnownFileType = sourcecode.swift; path = "FileManager+Extensions.swift"; sourceTree = "<group>"; };
		72C1057528730DC900C79F64 /* ImagePickerViewModel.swift */ = {isa = PBXFileReference; lastKnownFileType = sourcecode.swift; path = ImagePickerViewModel.swift; sourceTree = "<group>"; };
		72C105772873105700C79F64 /* Picker.swift */ = {isa = PBXFileReference; lastKnownFileType = sourcecode.swift; path = Picker.swift; sourceTree = "<group>"; };
		72C1057928735F0500C79F64 /* ContentView+Extensions.swift */ = {isa = PBXFileReference; lastKnownFileType = sourcecode.swift; path = "ContentView+Extensions.swift"; sourceTree = "<group>"; };
		72C1057B287360AE00C79F64 /* ImagePickerCordinator.swift */ = {isa = PBXFileReference; lastKnownFileType = sourcecode.swift; path = ImagePickerCordinator.swift; sourceTree = "<group>"; };
		72C1057D2873614700C79F64 /* PhotoCaptureView.swift */ = {isa = PBXFileReference; lastKnownFileType = sourcecode.swift; path = PhotoCaptureView.swift; sourceTree = "<group>"; };
		72C1058B287440C500C79F64 /* CameraView.swift */ = {isa = PBXFileReference; lastKnownFileType = sourcecode.swift; path = CameraView.swift; sourceTree = "<group>"; };
		72C1058D2874419E00C79F64 /* CameraModel.swift */ = {isa = PBXFileReference; lastKnownFileType = sourcecode.swift; path = CameraModel.swift; sourceTree = "<group>"; };
		72C1058F2874512A00C79F64 /* Info.plist */ = {isa = PBXFileReference; lastKnownFileType = text.plist.xml; path = Info.plist; sourceTree = "<group>"; };
		72C105912874543500C79F64 /* CameraPreview.swift */ = {isa = PBXFileReference; lastKnownFileType = sourcecode.swift; path = CameraPreview.swift; sourceTree = "<group>"; };
		72FFE1252876F75100C0AE35 /* DrawingScreen.swift */ = {isa = PBXFileReference; lastKnownFileType = sourcecode.swift; path = DrawingScreen.swift; sourceTree = "<group>"; };
		72FFE1272876F7F100C0AE35 /* DrawingViewModel.swift */ = {isa = PBXFileReference; lastKnownFileType = sourcecode.swift; path = DrawingViewModel.swift; sourceTree = "<group>"; };
		72FFE1292876FB4900C0AE35 /* CanvasView.swift */ = {isa = PBXFileReference; lastKnownFileType = sourcecode.swift; path = CanvasView.swift; sourceTree = "<group>"; };
/* End PBXFileReference section */

/* Begin PBXFrameworksBuildPhase section */
		726C0190287074A3009589C3 /* Frameworks */ = {
			isa = PBXFrameworksBuildPhase;
			buildActionMask = 2147483647;
			files = (
			);
			runOnlyForDeploymentPostprocessing = 0;
		};
/* End PBXFrameworksBuildPhase section */

/* Begin PBXGroup section */
		726C018A287074A3009589C3 = {
			isa = PBXGroup;
			children = (
				726C0195287074A3009589C3 /* Photo Editing App */,
				726C0194287074A3009589C3 /* Products */,
			);
			sourceTree = "<group>";
		};
		726C0194287074A3009589C3 /* Products */ = {
			isa = PBXGroup;
			children = (
				726C0193287074A3009589C3 /* Photo Editing App.app */,
			);
			name = Products;
			sourceTree = "<group>";
		};
		726C0195287074A3009589C3 /* Photo Editing App */ = {
			isa = PBXGroup;
			children = (
				726C0196287074A3009589C3 /* Photo_Editing_App.swift */,
				72C1056C28730C3C00C79F64 /* View */,
				72C1056D28730C5500C79F64 /* ViewModel */,
				72C1056E28730C6700C79F64 /* Model */,
				72C1056F28730C7500C79F64 /* UIViewRepresentable */,
				72C1057028730C8600C79F64 /* Extension */,
				72C1057F2874286600C79F64 /* Service */,
				72C1058F2874512A00C79F64 /* Info.plist */,
				726C019A287074A5009589C3 /* Assets.xcassets */,
				726C019F287074A5009589C3 /* Persistence.swift */,
				726C01A1287074A5009589C3 /* Photo_Editing_App.xcdatamodeld */,
				726C019C287074A5009589C3 /* Preview Content */,
			);
			path = "Photo Editing App";
			sourceTree = "<group>";
		};
		726C019C287074A5009589C3 /* Preview Content */ = {
			isa = PBXGroup;
			children = (
				726C019D287074A5009589C3 /* Preview Assets.xcassets */,
			);
			path = "Preview Content";
			sourceTree = "<group>";
		};
		72C1056C28730C3C00C79F64 /* View */ = {
			isa = PBXGroup;
			children = (
				726C0198287074A3009589C3 /* ContentView.swift */,
				72C1057D2873614700C79F64 /* PhotoCaptureView.swift */,
				72C1058B287440C500C79F64 /* CameraView.swift */,
				72FFE1252876F75100C0AE35 /* DrawingScreen.swift */,
			);
			path = View;
			sourceTree = "<group>";
		};
		72C1056D28730C5500C79F64 /* ViewModel */ = {
			isa = PBXGroup;
			children = (
				72C1057528730DC900C79F64 /* ImagePickerViewModel.swift */,
				72C1057B287360AE00C79F64 /* ImagePickerCordinator.swift */,
				72FFE1272876F7F100C0AE35 /* DrawingViewModel.swift */,
			);
			path = ViewModel;
			sourceTree = "<group>";
		};
		72C1056E28730C6700C79F64 /* Model */ = {
			isa = PBXGroup;
			children = (
				72C105772873105700C79F64 /* Picker.swift */,
				72C1058D2874419E00C79F64 /* CameraModel.swift */,
			);
			path = Model;
			sourceTree = "<group>";
		};
		72C1056F28730C7500C79F64 /* UIViewRepresentable */ = {
			isa = PBXGroup;
			children = (
				72C1057128730CB800C79F64 /* ImagePicker.swift */,
				72C105912874543500C79F64 /* CameraPreview.swift */,
				72FFE1292876FB4900C0AE35 /* CanvasView.swift */,
			);
			path = UIViewRepresentable;
			sourceTree = "<group>";
		};
		72C1057028730C8600C79F64 /* Extension */ = {
			isa = PBXGroup;
			children = (
				72C1057328730CEF00C79F64 /* FileManager+Extensions.swift */,
				72C1057928735F0500C79F64 /* ContentView+Extensions.swift */,
			);
			path = Extension;
			sourceTree = "<group>";
		};
		72C1057F2874286600C79F64 /* Service */ = {
			isa = PBXGroup;
			children = (
			);
			path = Service;
			sourceTree = "<group>";
		};
/* End PBXGroup section */

/* Begin PBXNativeTarget section */
		726C0192287074A3009589C3 /* Photo Editing App */ = {
			isa = PBXNativeTarget;
			buildConfigurationList = 726C01A6287074A5009589C3 /* Build configuration list for PBXNativeTarget "Photo Editing App" */;
			buildPhases = (
				726C018F287074A3009589C3 /* Sources */,
				726C0190287074A3009589C3 /* Frameworks */,
				726C0191287074A3009589C3 /* Resources */,
			);
			buildRules = (
			);
			dependencies = (
			);
			name = "Photo Editing App";
			packageProductDependencies = (
			);
			productName = "Photo Editing App";
			productReference = 726C0193287074A3009589C3 /* Photo Editing App.app */;
			productType = "com.apple.product-type.application";
		};
/* End PBXNativeTarget section */

/* Begin PBXProject section */
		726C018B287074A3009589C3 /* Project object */ = {
			isa = PBXProject;
			attributes = {
				BuildIndependentTargetsInParallel = 1;
				LastSwiftUpdateCheck = 1340;
				LastUpgradeCheck = 1340;
				TargetAttributes = {
					726C0192287074A3009589C3 = {
						CreatedOnToolsVersion = 13.4.1;
					};
				};
			};
			buildConfigurationList = 726C018E287074A3009589C3 /* Build configuration list for PBXProject "Photo Editing App" */;
			compatibilityVersion = "Xcode 13.0";
			developmentRegion = en;
			hasScannedForEncodings = 0;
			knownRegions = (
				en,
				Base,
			);
			mainGroup = 726C018A287074A3009589C3;
			packageReferences = (
			);
			productRefGroup = 726C0194287074A3009589C3 /* Products */;
			projectDirPath = "";
			projectRoot = "";
			targets = (
				726C0192287074A3009589C3 /* Photo Editing App */,
			);
		};
/* End PBXProject section */

/* Begin PBXResourcesBuildPhase section */
		726C0191287074A3009589C3 /* Resources */ = {
			isa = PBXResourcesBuildPhase;
			buildActionMask = 2147483647;
			files = (
				726C019E287074A5009589C3 /* Preview Assets.xcassets in Resources */,
				726C019B287074A5009589C3 /* Assets.xcassets in Resources */,
			);
			runOnlyForDeploymentPostprocessing = 0;
		};
/* End PBXResourcesBuildPhase section */

/* Begin PBXSourcesBuildPhase section */
		726C018F287074A3009589C3 /* Sources */ = {
			isa = PBXSourcesBuildPhase;
			buildActionMask = 2147483647;
			files = (
				72C1057C287360AE00C79F64 /* ImagePickerCordinator.swift in Sources */,
				72FFE12A2876FB4900C0AE35 /* CanvasView.swift in Sources */,
				72C1057628730DC900C79F64 /* ImagePickerViewModel.swift in Sources */,
				726C01A0287074A5009589C3 /* Persistence.swift in Sources */,
				72C105922874543500C79F64 /* CameraPreview.swift in Sources */,
				72C1058C287440C500C79F64 /* CameraView.swift in Sources */,
				72FFE1262876F75100C0AE35 /* DrawingScreen.swift in Sources */,
				726C0199287074A3009589C3 /* ContentView.swift in Sources */,
				72C1057228730CB800C79F64 /* ImagePicker.swift in Sources */,
				72C1057E2873614700C79F64 /* PhotoCaptureView.swift in Sources */,
				72FFE1282876F7F100C0AE35 /* DrawingViewModel.swift in Sources */,
				726C0197287074A3009589C3 /* Photo_Editing_App.swift in Sources */,
				72C1058E2874419E00C79F64 /* CameraModel.swift in Sources */,
				72C1057A28735F0500C79F64 /* ContentView+Extensions.swift in Sources */,
				72C105782873105700C79F64 /* Picker.swift in Sources */,
				726C01A3287074A5009589C3 /* Photo_Editing_App.xcdatamodeld in Sources */,
				72C1057428730CEF00C79F64 /* FileManager+Extensions.swift in Sources */,
			);
			runOnlyForDeploymentPostprocessing = 0;
		};
/* End PBXSourcesBuildPhase section */

/* Begin XCBuildConfiguration section */
		726C01A4287074A5009589C3 /* Debug */ = {
			isa = XCBuildConfiguration;
			buildSettings = {
				ALWAYS_SEARCH_USER_PATHS = NO;
				CLANG_ANALYZER_NONNULL = YES;
				CLANG_ANALYZER_NUMBER_OBJECT_CONVERSION = YES_AGGRESSIVE;
				CLANG_CXX_LANGUAGE_STANDARD = "gnu++17";
				CLANG_ENABLE_MODULES = YES;
				CLANG_ENABLE_OBJC_ARC = YES;
				CLANG_ENABLE_OBJC_WEAK = YES;
				CLANG_WARN_BLOCK_CAPTURE_AUTORELEASING = YES;
				CLANG_WARN_BOOL_CONVERSION = YES;
				CLANG_WARN_COMMA = YES;
				CLANG_WARN_CONSTANT_CONVERSION = YES;
				CLANG_WARN_DEPRECATED_OBJC_IMPLEMENTATIONS = YES;
				CLANG_WARN_DIRECT_OBJC_ISA_USAGE = YES_ERROR;
				CLANG_WARN_DOCUMENTATION_COMMENTS = YES;
				CLANG_WARN_EMPTY_BODY = YES;
				CLANG_WARN_ENUM_CONVERSION = YES;
				CLANG_WARN_INFINITE_RECURSION = YES;
				CLANG_WARN_INT_CONVERSION = YES;
				CLANG_WARN_NON_LITERAL_NULL_CONVERSION = YES;
				CLANG_WARN_OBJC_IMPLICIT_RETAIN_SELF = YES;
				CLANG_WARN_OBJC_LITERAL_CONVERSION = YES;
				CLANG_WARN_OBJC_ROOT_CLASS = YES_ERROR;
				CLANG_WARN_QUOTED_INCLUDE_IN_FRAMEWORK_HEADER = YES;
				CLANG_WARN_RANGE_LOOP_ANALYSIS = YES;
				CLANG_WARN_STRICT_PROTOTYPES = YES;
				CLANG_WARN_SUSPICIOUS_MOVE = YES;
				CLANG_WARN_UNGUARDED_AVAILABILITY = YES_AGGRESSIVE;
				CLANG_WARN_UNREACHABLE_CODE = YES;
				CLANG_WARN__DUPLICATE_METHOD_MATCH = YES;
				COPY_PHASE_STRIP = NO;
				DEBUG_INFORMATION_FORMAT = dwarf;
				ENABLE_STRICT_OBJC_MSGSEND = YES;
				ENABLE_TESTABILITY = YES;
				GCC_C_LANGUAGE_STANDARD = gnu11;
				GCC_DYNAMIC_NO_PIC = NO;
				GCC_NO_COMMON_BLOCKS = YES;
				GCC_OPTIMIZATION_LEVEL = 0;
				GCC_PREPROCESSOR_DEFINITIONS = (
					"DEBUG=1",
					"$(inherited)",
				);
				GCC_WARN_64_TO_32_BIT_CONVERSION = YES;
				GCC_WARN_ABOUT_RETURN_TYPE = YES_ERROR;
				GCC_WARN_UNDECLARED_SELECTOR = YES;
				GCC_WARN_UNINITIALIZED_AUTOS = YES_AGGRESSIVE;
				GCC_WARN_UNUSED_FUNCTION = YES;
				GCC_WARN_UNUSED_VARIABLE = YES;
				IPHONEOS_DEPLOYMENT_TARGET = 15.5;
				MTL_ENABLE_DEBUG_INFO = INCLUDE_SOURCE;
				MTL_FAST_MATH = YES;
				ONLY_ACTIVE_ARCH = YES;
				SDKROOT = iphoneos;
				SWIFT_ACTIVE_COMPILATION_CONDITIONS = DEBUG;
				SWIFT_OPTIMIZATION_LEVEL = "-Onone";
			};
			name = Debug;
		};
		726C01A5287074A5009589C3 /* Release */ = {
			isa = XCBuildConfiguration;
			buildSettings = {
				ALWAYS_SEARCH_USER_PATHS = NO;
				CLANG_ANALYZER_NONNULL = YES;
				CLANG_ANALYZER_NUMBER_OBJECT_CONVERSION = YES_AGGRESSIVE;
				CLANG_CXX_LANGUAGE_STANDARD = "gnu++17";
				CLANG_ENABLE_MODULES = YES;
				CLANG_ENABLE_OBJC_ARC = YES;
				CLANG_ENABLE_OBJC_WEAK = YES;
				CLANG_WARN_BLOCK_CAPTURE_AUTORELEASING = YES;
				CLANG_WARN_BOOL_CONVERSION = YES;
				CLANG_WARN_COMMA = YES;
				CLANG_WARN_CONSTANT_CONVERSION = YES;
				CLANG_WARN_DEPRECATED_OBJC_IMPLEMENTATIONS = YES;
				CLANG_WARN_DIRECT_OBJC_ISA_USAGE = YES_ERROR;
				CLANG_WARN_DOCUMENTATION_COMMENTS = YES;
				CLANG_WARN_EMPTY_BODY = YES;
				CLANG_WARN_ENUM_CONVERSION = YES;
				CLANG_WARN_INFINITE_RECURSION = YES;
				CLANG_WARN_INT_CONVERSION = YES;
				CLANG_WARN_NON_LITERAL_NULL_CONVERSION = YES;
				CLANG_WARN_OBJC_IMPLICIT_RETAIN_SELF = YES;
				CLANG_WARN_OBJC_LITERAL_CONVERSION = YES;
				CLANG_WARN_OBJC_ROOT_CLASS = YES_ERROR;
				CLANG_WARN_QUOTED_INCLUDE_IN_FRAMEWORK_HEADER = YES;
				CLANG_WARN_RANGE_LOOP_ANALYSIS = YES;
				CLANG_WARN_STRICT_PROTOTYPES = YES;
				CLANG_WARN_SUSPICIOUS_MOVE = YES;
				CLANG_WARN_UNGUARDED_AVAILABILITY = YES_AGGRESSIVE;
				CLANG_WARN_UNREACHABLE_CODE = YES;
				CLANG_WARN__DUPLICATE_METHOD_MATCH = YES;
				COPY_PHASE_STRIP = NO;
				DEBUG_INFORMATION_FORMAT = "dwarf-with-dsym";
				ENABLE_NS_ASSERTIONS = NO;
				ENABLE_STRICT_OBJC_MSGSEND = YES;
				GCC_C_LANGUAGE_STANDARD = gnu11;
				GCC_NO_COMMON_BLOCKS = YES;
				GCC_WARN_64_TO_32_BIT_CONVERSION = YES;
				GCC_WARN_ABOUT_RETURN_TYPE = YES_ERROR;
				GCC_WARN_UNDECLARED_SELECTOR = YES;
				GCC_WARN_UNINITIALIZED_AUTOS = YES_AGGRESSIVE;
				GCC_WARN_UNUSED_FUNCTION = YES;
				GCC_WARN_UNUSED_VARIABLE = YES;
				IPHONEOS_DEPLOYMENT_TARGET = 15.5;
				MTL_ENABLE_DEBUG_INFO = NO;
				MTL_FAST_MATH = YES;
				SDKROOT = iphoneos;
				SWIFT_COMPILATION_MODE = wholemodule;
				SWIFT_OPTIMIZATION_LEVEL = "-O";
				VALIDATE_PRODUCT = YES;
			};
			name = Release;
		};
		726C01A7287074A5009589C3 /* Debug */ = {
			isa = XCBuildConfiguration;
			buildSettings = {
				ASSETCATALOG_COMPILER_APPICON_NAME = AppIcon;
				ASSETCATALOG_COMPILER_GLOBAL_ACCENT_COLOR_NAME = AccentColor;
				CODE_SIGN_STYLE = Automatic;
				CURRENT_PROJECT_VERSION = 1;
				DEVELOPMENT_ASSET_PATHS = "\"Photo Editing App/Preview Content\"";
				DEVELOPMENT_TEAM = 95W23GS9Y8;
				ENABLE_PREVIEWS = YES;
				GENERATE_INFOPLIST_FILE = NO;
				INFOPLIST_FILE = "/Users/burakcuce/Documents/dev/Apps/Photo Editing App/Photo Editing App/Info.plist";
				INFOPLIST_KEY_UIApplicationSceneManifest_Generation = YES;
				INFOPLIST_KEY_UIApplicationSupportsIndirectInputEvents = YES;
				INFOPLIST_KEY_UILaunchScreen_Generation = YES;
				INFOPLIST_KEY_UISupportedInterfaceOrientations_iPad = "UIInterfaceOrientationPortrait UIInterfaceOrientationPortraitUpsideDown UIInterfaceOrientationLandscapeLeft UIInterfaceOrientationLandscapeRight";
				INFOPLIST_KEY_UISupportedInterfaceOrientations_iPhone = "UIInterfaceOrientationPortrait UIInterfaceOrientationLandscapeLeft UIInterfaceOrientationLandscapeRight";
				LD_RUNPATH_SEARCH_PATHS = (
					"$(inherited)",
					"@executable_path/Frameworks",
				);
				MARKETING_VERSION = 1.0;
				PRODUCT_BUNDLE_IDENTIFIER = "com.burak.Photo-Editing-App";
				PRODUCT_NAME = "$(TARGET_NAME)";
				SWIFT_EMIT_LOC_STRINGS = YES;
				SWIFT_VERSION = 5.0;
				TARGETED_DEVICE_FAMILY = "1,2";
			};
			name = Debug;
		};
		726C01A8287074A5009589C3 /* Release */ = {
			isa = XCBuildConfiguration;
			buildSettings = {
				ASSETCATALOG_COMPILER_APPICON_NAME = AppIcon;
				ASSETCATALOG_COMPILER_GLOBAL_ACCENT_COLOR_NAME = AccentColor;
				CODE_SIGN_STYLE = Automatic;
				CURRENT_PROJECT_VERSION = 1;
				DEVELOPMENT_ASSET_PATHS = "\"Photo Editing App/Preview Content\"";
				DEVELOPMENT_TEAM = 95W23GS9Y8;
				ENABLE_PREVIEWS = YES;
				GENERATE_INFOPLIST_FILE = NO;
				INFOPLIST_FILE = "/Users/burakcuce/Documents/dev/Apps/Photo Editing App/Photo Editing App/Info.plist";
				INFOPLIST_KEY_UIApplicationSceneManifest_Generation = YES;
				INFOPLIST_KEY_UIApplicationSupportsIndirectInputEvents = YES;
				INFOPLIST_KEY_UILaunchScreen_Generation = YES;
				INFOPLIST_KEY_UISupportedInterfaceOrientations_iPad = "UIInterfaceOrientationPortrait UIInterfaceOrientationPortraitUpsideDown UIInterfaceOrientationLandscapeLeft UIInterfaceOrientationLandscapeRight";
				INFOPLIST_KEY_UISupportedInterfaceOrientations_iPhone = "UIInterfaceOrientationPortrait UIInterfaceOrientationLandscapeLeft UIInterfaceOrientationLandscapeRight";
				LD_RUNPATH_SEARCH_PATHS = (
					"$(inherited)",
					"@executable_path/Frameworks",
				);
				MARKETING_VERSION = 1.0;
				PRODUCT_BUNDLE_IDENTIFIER = "com.burak.Photo-Editing-App";
				PRODUCT_NAME = "$(TARGET_NAME)";
				SWIFT_EMIT_LOC_STRINGS = YES;
				SWIFT_VERSION = 5.0;
				TARGETED_DEVICE_FAMILY = "1,2";
			};
			name = Release;
		};
/* End XCBuildConfiguration section */

/* Begin XCConfigurationList section */
		726C018E287074A3009589C3 /* Build configuration list for PBXProject "Photo Editing App" */ = {
			isa = XCConfigurationList;
			buildConfigurations = (
				726C01A4287074A5009589C3 /* Debug */,
				726C01A5287074A5009589C3 /* Release */,
			);
			defaultConfigurationIsVisible = 0;
			defaultConfigurationName = Release;
		};
		726C01A6287074A5009589C3 /* Build configuration list for PBXNativeTarget "Photo Editing App" */ = {
			isa = XCConfigurationList;
			buildConfigurations = (
				726C01A7287074A5009589C3 /* Debug */,
				726C01A8287074A5009589C3 /* Release */,
			);
			defaultConfigurationIsVisible = 0;
			defaultConfigurationName = Release;
		};
/* End XCConfigurationList section */

/* Begin XCVersionGroup section */
		726C01A1287074A5009589C3 /* Photo_Editing_App.xcdatamodeld */ = {
			isa = XCVersionGroup;
			children = (
				726C01A2287074A5009589C3 /* Photo_Editing_App.xcdatamodel */,
			);
			currentVersion = 726C01A2287074A5009589C3 /* Photo_Editing_App.xcdatamodel */;
			path = Photo_Editing_App.xcdatamodeld;
			sourceTree = "<group>";
			versionGroupType = wrapper.xcdatamodel;
		};
/* End XCVersionGroup section */
	};
	rootObject = 726C018B287074A3009589C3 /* Project object */;
}
